
Microsoft Visual Studio Solution File, Format Version 12.00
# Visual Studio 15
VisualStudioVersion = 15.0.26228.9
MinimumVisualStudioVersion = 10.0.40219.1
Project("{FAE04EC0-301F-11D3-BF4B-00C04F79EFBC}") = "Domain", "Domain\Domain.csproj", "{F7009DD7-EDFF-42A5-BE3F-125774523739}"
EndProject
Project("{FAE04EC0-301F-11D3-BF4B-00C04F79EFBC}") = "WebUI", "WebUI\WebUI.csproj", "{410A8072-5C99-4950-BF81-93047BF41DCE}"
EndProject
Global
	GlobalSection(SolutionConfigurationPlatforms) = preSolution
		Debug|Any CPU = Debug|Any CPU
		Release|Any CPU = Release|Any CPU
	EndGlobalSection
	GlobalSection(ProjectConfigurationPlatforms) = postSolution
		{F7009DD7-EDFF-42A5-BE3F-125774523739}.Debug|Any CPU.ActiveCfg = Debug|Any CPU
		{F7009DD7-EDFF-42A5-BE3F-125774523739}.Debug|Any CPU.Build.0 = Debug|Any CPU
		{F7009DD7-EDFF-42A5-BE3F-125774523739}.Release|Any CPU.ActiveCfg = Release|Any CPU
		{F7009DD7-EDFF-42A5-BE3F-125774523739}.Release|Any CPU.Build.0 = Release|Any CPU
		{410A8072-5C99-4950-BF81-93047BF41DCE}.Debug|Any CPU.ActiveCfg = Debug|Any CPU
		{410A8072-5C99-4950-BF81-93047BF41DCE}.Debug|Any CPU.Build.0 = Debug|Any CPU
		{410A8072-5C99-4950-BF81-93047BF41DCE}.Release|Any CPU.ActiveCfg = Release|Any CPU
		{410A8072-5C99-4950-BF81-93047BF41DCE}.Release|Any CPU.Build.0 = Release|Any CPU
	EndGlobalSection
	GlobalSection(SolutionProperties) = preSolution
		HideSolutionNode = FALSE
	EndGlobalSection
EndGlobal
